
Microsoft Visual Studio Solution File, Format Version 12.00
# Visual Studio Version 17
VisualStudioVersion = 17.13.35931.197
MinimumVisualStudioVersion = 10.0.40219.1
Project("{FAE04EC0-301F-11D3-BF4B-00C04F79EFBC}") = "CoffeeTracker.AppHost", "infrastructure\CoffeeTracker.AppHost\CoffeeTracker.AppHost.csproj", "{19FFF6B8-4A0C-4103-90AA-0E9B18CC8B36}"
EndProject
Project("{FAE04EC0-301F-11D3-BF4B-00C04F79EFBC}") = "CoffeeTracker.ServiceDefaults", "infrastructure\CoffeeTracker.ServiceDefaults\CoffeeTracker.ServiceDefaults.csproj", "{D9838D75-87AE-89BD-A8CE-A55D787A17AF}"
EndProject
Project("{FAE04EC0-301F-11D3-BF4B-00C04F79EFBC}") = "CoffeeTracker.ApiService", "src\CoffeeTracker.ApiService\CoffeeTracker.ApiService.csproj", "{60F2958D-8CA3-C62C-1B1D-F42A2C48B1AD}"
EndProject
Project("{FAE04EC0-301F-11D3-BF4B-00C04F79EFBC}") = "CoffeeTracker.Web", "src\CoffeeTracker.Web\CoffeeTracker.Web.csproj", "{40982682-D9FE-61BF-106D-018A2E55471D}"
EndProject
Project("{2150E333-8FDC-42A3-9474-1A3956D46DE8}") = "src", "src", "{02EA681E-C7D8-13C7-8484-4AC65E1B71E8}"
EndProject
Project("{2150E333-8FDC-42A3-9474-1A3956D46DE8}") = "infrastructure", "infrastructure", "{1D33A5DA-C2E3-4188-858D-B5B68761C58A}"
EndProject
Project("{FAE04EC0-301F-11D3-BF4B-00C04F79EFBC}") = "CoffeeTracker.Migrations", "src\CoffeeTracker.Migrations\CoffeeTracker.Migrations.csproj", "{32D776AB-654B-4313-BEC8-C68826869BBC}"
EndProject
Project("{FAE04EC0-301F-11D3-BF4B-00C04F79EFBC}") = "CoffeeTracker.Models", "src\CoffeeTracker.Models\CoffeeTracker.Models.csproj", "{235AEC7A-F178-4A97-A643-F41150239545}"
EndProject
Project("{FAE04EC0-301F-11D3-BF4B-00C04F79EFBC}") = "CoffeeTracker.Data", "src\CoffeeTracker.Data\CoffeeTracker.Data.csproj", "{FED3E859-4F7B-4D5A-8EBA-20745FEA3D2A}"
EndProject
Project("{2150E333-8FDC-42A3-9474-1A3956D46DE8}") = "tests", "tests", "{83C6E013-0CCC-4C93-8AB7-9D8FBB53C5FB}"
EndProject
Project("{FAE04EC0-301F-11D3-BF4B-00C04F79EFBC}") = "CoffeeTracker.ApiService.Tests", "tests\CoffeeTracker.ApiService.Tests\CoffeeTracker.ApiService.Tests.csproj", "{15CF7433-45E6-9A42-0F23-B7E28457B0B5}"
EndProject
Global
	GlobalSection(SolutionConfigurationPlatforms) = preSolution
		Debug|Any CPU = Debug|Any CPU
		Debug|x64 = Debug|x64
		Debug|x86 = Debug|x86
		Release|Any CPU = Release|Any CPU
		Release|x64 = Release|x64
		Release|x86 = Release|x86
	EndGlobalSection
	GlobalSection(ProjectConfigurationPlatforms) = postSolution
		{19FFF6B8-4A0C-4103-90AA-0E9B18CC8B36}.Debug|Any CPU.ActiveCfg = Debug|Any CPU
		{19FFF6B8-4A0C-4103-90AA-0E9B18CC8B36}.Debug|Any CPU.Build.0 = Debug|Any CPU
		{19FFF6B8-4A0C-4103-90AA-0E9B18CC8B36}.Debug|x64.ActiveCfg = Debug|Any CPU
		{19FFF6B8-4A0C-4103-90AA-0E9B18CC8B36}.Debug|x64.Build.0 = Debug|Any CPU
		{19FFF6B8-4A0C-4103-90AA-0E9B18CC8B36}.Debug|x86.ActiveCfg = Debug|Any CPU
		{19FFF6B8-4A0C-4103-90AA-0E9B18CC8B36}.Debug|x86.Build.0 = Debug|Any CPU
		{19FFF6B8-4A0C-4103-90AA-0E9B18CC8B36}.Release|Any CPU.ActiveCfg = Release|Any CPU
		{19FFF6B8-4A0C-4103-90AA-0E9B18CC8B36}.Release|Any CPU.Build.0 = Release|Any CPU
		{19FFF6B8-4A0C-4103-90AA-0E9B18CC8B36}.Release|x64.ActiveCfg = Release|Any CPU
		{19FFF6B8-4A0C-4103-90AA-0E9B18CC8B36}.Release|x64.Build.0 = Release|Any CPU
		{19FFF6B8-4A0C-4103-90AA-0E9B18CC8B36}.Release|x86.ActiveCfg = Release|Any CPU
		{19FFF6B8-4A0C-4103-90AA-0E9B18CC8B36}.Release|x86.Build.0 = Release|Any CPU
		{D9838D75-87AE-89BD-A8CE-A55D787A17AF}.Debug|Any CPU.ActiveCfg = Debug|Any CPU
		{D9838D75-87AE-89BD-A8CE-A55D787A17AF}.Debug|Any CPU.Build.0 = Debug|Any CPU
		{D9838D75-87AE-89BD-A8CE-A55D787A17AF}.Debug|x64.ActiveCfg = Debug|Any CPU
		{D9838D75-87AE-89BD-A8CE-A55D787A17AF}.Debug|x64.Build.0 = Debug|Any CPU
		{D9838D75-87AE-89BD-A8CE-A55D787A17AF}.Debug|x86.ActiveCfg = Debug|Any CPU
		{D9838D75-87AE-89BD-A8CE-A55D787A17AF}.Debug|x86.Build.0 = Debug|Any CPU
		{D9838D75-87AE-89BD-A8CE-A55D787A17AF}.Release|Any CPU.ActiveCfg = Release|Any CPU
		{D9838D75-87AE-89BD-A8CE-A55D787A17AF}.Release|Any CPU.Build.0 = Release|Any CPU
		{D9838D75-87AE-89BD-A8CE-A55D787A17AF}.Release|x64.ActiveCfg = Release|Any CPU
		{D9838D75-87AE-89BD-A8CE-A55D787A17AF}.Release|x64.Build.0 = Release|Any CPU
		{D9838D75-87AE-89BD-A8CE-A55D787A17AF}.Release|x86.ActiveCfg = Release|Any CPU
		{D9838D75-87AE-89BD-A8CE-A55D787A17AF}.Release|x86.Build.0 = Release|Any CPU
		{60F2958D-8CA3-C62C-1B1D-F42A2C48B1AD}.Debug|Any CPU.ActiveCfg = Debug|Any CPU
		{60F2958D-8CA3-C62C-1B1D-F42A2C48B1AD}.Debug|Any CPU.Build.0 = Debug|Any CPU
		{60F2958D-8CA3-C62C-1B1D-F42A2C48B1AD}.Debug|x64.ActiveCfg = Debug|Any CPU
		{60F2958D-8CA3-C62C-1B1D-F42A2C48B1AD}.Debug|x64.Build.0 = Debug|Any CPU
		{60F2958D-8CA3-C62C-1B1D-F42A2C48B1AD}.Debug|x86.ActiveCfg = Debug|Any CPU
		{60F2958D-8CA3-C62C-1B1D-F42A2C48B1AD}.Debug|x86.Build.0 = Debug|Any CPU
		{60F2958D-8CA3-C62C-1B1D-F42A2C48B1AD}.Release|Any CPU.ActiveCfg = Release|Any CPU
		{60F2958D-8CA3-C62C-1B1D-F42A2C48B1AD}.Release|Any CPU.Build.0 = Release|Any CPU
		{60F2958D-8CA3-C62C-1B1D-F42A2C48B1AD}.Release|x64.ActiveCfg = Release|Any CPU
		{60F2958D-8CA3-C62C-1B1D-F42A2C48B1AD}.Release|x64.Build.0 = Release|Any CPU
		{60F2958D-8CA3-C62C-1B1D-F42A2C48B1AD}.Release|x86.ActiveCfg = Release|Any CPU
		{60F2958D-8CA3-C62C-1B1D-F42A2C48B1AD}.Release|x86.Build.0 = Release|Any CPU
		{40982682-D9FE-61BF-106D-018A2E55471D}.Debug|Any CPU.ActiveCfg = Debug|Any CPU
		{40982682-D9FE-61BF-106D-018A2E55471D}.Debug|Any CPU.Build.0 = Debug|Any CPU
		{40982682-D9FE-61BF-106D-018A2E55471D}.Debug|x64.ActiveCfg = Debug|Any CPU
		{40982682-D9FE-61BF-106D-018A2E55471D}.Debug|x64.Build.0 = Debug|Any CPU
		{40982682-D9FE-61BF-106D-018A2E55471D}.Debug|x86.ActiveCfg = Debug|Any CPU
		{40982682-D9FE-61BF-106D-018A2E55471D}.Debug|x86.Build.0 = Debug|Any CPU
		{40982682-D9FE-61BF-106D-018A2E55471D}.Release|Any CPU.ActiveCfg = Release|Any CPU
		{40982682-D9FE-61BF-106D-018A2E55471D}.Release|Any CPU.Build.0 = Release|Any CPU
		{40982682-D9FE-61BF-106D-018A2E55471D}.Release|x64.ActiveCfg = Release|Any CPU
		{40982682-D9FE-61BF-106D-018A2E55471D}.Release|x64.Build.0 = Release|Any CPU
		{40982682-D9FE-61BF-106D-018A2E55471D}.Release|x86.ActiveCfg = Release|Any CPU
		{40982682-D9FE-61BF-106D-018A2E55471D}.Release|x86.Build.0 = Release|Any CPU
		{32D776AB-654B-4313-BEC8-C68826869BBC}.Debug|Any CPU.ActiveCfg = Debug|Any CPU
		{32D776AB-654B-4313-BEC8-C68826869BBC}.Debug|Any CPU.Build.0 = Debug|Any CPU
		{32D776AB-654B-4313-BEC8-C68826869BBC}.Debug|x64.ActiveCfg = Debug|Any CPU
		{32D776AB-654B-4313-BEC8-C68826869BBC}.Debug|x64.Build.0 = Debug|Any CPU
		{32D776AB-654B-4313-BEC8-C68826869BBC}.Debug|x86.ActiveCfg = Debug|Any CPU
		{32D776AB-654B-4313-BEC8-C68826869BBC}.Debug|x86.Build.0 = Debug|Any CPU
		{32D776AB-654B-4313-BEC8-C68826869BBC}.Release|Any CPU.ActiveCfg = Release|Any CPU
		{32D776AB-654B-4313-BEC8-C68826869BBC}.Release|Any CPU.Build.0 = Release|Any CPU
		{32D776AB-654B-4313-BEC8-C68826869BBC}.Release|x64.ActiveCfg = Release|Any CPU
		{32D776AB-654B-4313-BEC8-C68826869BBC}.Release|x64.Build.0 = Release|Any CPU
		{32D776AB-654B-4313-BEC8-C68826869BBC}.Release|x86.ActiveCfg = Release|Any CPU
		{32D776AB-654B-4313-BEC8-C68826869BBC}.Release|x86.Build.0 = Release|Any CPU
		{235AEC7A-F178-4A97-A643-F41150239545}.Debug|Any CPU.ActiveCfg = Debug|Any CPU
		{235AEC7A-F178-4A97-A643-F41150239545}.Debug|Any CPU.Build.0 = Debug|Any CPU
		{235AEC7A-F178-4A97-A643-F41150239545}.Debug|x64.ActiveCfg = Debug|Any CPU
		{235AEC7A-F178-4A97-A643-F41150239545}.Debug|x64.Build.0 = Debug|Any CPU
		{235AEC7A-F178-4A97-A643-F41150239545}.Debug|x86.ActiveCfg = Debug|Any CPU
		{235AEC7A-F178-4A97-A643-F41150239545}.Debug|x86.Build.0 = Debug|Any CPU
		{235AEC7A-F178-4A97-A643-F41150239545}.Release|Any CPU.ActiveCfg = Release|Any CPU
		{235AEC7A-F178-4A97-A643-F41150239545}.Release|Any CPU.Build.0 = Release|Any CPU
		{235AEC7A-F178-4A97-A643-F41150239545}.Release|x64.ActiveCfg = Release|Any CPU
		{235AEC7A-F178-4A97-A643-F41150239545}.Release|x64.Build.0 = Release|Any CPU
		{235AEC7A-F178-4A97-A643-F41150239545}.Release|x86.ActiveCfg = Release|Any CPU
		{235AEC7A-F178-4A97-A643-F41150239545}.Release|x86.Build.0 = Release|Any CPU
		{FED3E859-4F7B-4D5A-8EBA-20745FEA3D2A}.Debug|Any CPU.ActiveCfg = Debug|Any CPU
		{FED3E859-4F7B-4D5A-8EBA-20745FEA3D2A}.Debug|Any CPU.Build.0 = Debug|Any CPU
		{FED3E859-4F7B-4D5A-8EBA-20745FEA3D2A}.Debug|x64.ActiveCfg = Debug|Any CPU
		{FED3E859-4F7B-4D5A-8EBA-20745FEA3D2A}.Debug|x64.Build.0 = Debug|Any CPU
		{FED3E859-4F7B-4D5A-8EBA-20745FEA3D2A}.Debug|x86.ActiveCfg = Debug|Any CPU
		{FED3E859-4F7B-4D5A-8EBA-20745FEA3D2A}.Debug|x86.Build.0 = Debug|Any CPU
		{FED3E859-4F7B-4D5A-8EBA-20745FEA3D2A}.Release|Any CPU.ActiveCfg = Release|Any CPU
		{FED3E859-4F7B-4D5A-8EBA-20745FEA3D2A}.Release|Any CPU.Build.0 = Release|Any CPU
		{FED3E859-4F7B-4D5A-8EBA-20745FEA3D2A}.Release|x64.ActiveCfg = Release|Any CPU
		{FED3E859-4F7B-4D5A-8EBA-20745FEA3D2A}.Release|x64.Build.0 = Release|Any CPU
		{FED3E859-4F7B-4D5A-8EBA-20745FEA3D2A}.Release|x86.ActiveCfg = Release|Any CPU
		{FED3E859-4F7B-4D5A-8EBA-20745FEA3D2A}.Release|x86.Build.0 = Release|Any CPU
		{15CF7433-45E6-9A42-0F23-B7E28457B0B5}.Debug|Any CPU.ActiveCfg = Debug|Any CPU
		{15CF7433-45E6-9A42-0F23-B7E28457B0B5}.Debug|Any CPU.Build.0 = Debug|Any CPU
		{15CF7433-45E6-9A42-0F23-B7E28457B0B5}.Debug|x64.ActiveCfg = Debug|Any CPU
		{15CF7433-45E6-9A42-0F23-B7E28457B0B5}.Debug|x64.Build.0 = Debug|Any CPU
		{15CF7433-45E6-9A42-0F23-B7E28457B0B5}.Debug|x86.ActiveCfg = Debug|Any CPU
		{15CF7433-45E6-9A42-0F23-B7E28457B0B5}.Debug|x86.Build.0 = Debug|Any CPU
		{15CF7433-45E6-9A42-0F23-B7E28457B0B5}.Release|Any CPU.ActiveCfg = Release|Any CPU
		{15CF7433-45E6-9A42-0F23-B7E28457B0B5}.Release|Any CPU.Build.0 = Release|Any CPU
		{15CF7433-45E6-9A42-0F23-B7E28457B0B5}.Release|x64.ActiveCfg = Release|Any CPU
		{15CF7433-45E6-9A42-0F23-B7E28457B0B5}.Release|x64.Build.0 = Release|Any CPU
		{15CF7433-45E6-9A42-0F23-B7E28457B0B5}.Release|x86.ActiveCfg = Release|Any CPU
		{15CF7433-45E6-9A42-0F23-B7E28457B0B5}.Release|x86.Build.0 = Release|Any CPU
	EndGlobalSection
	GlobalSection(SolutionProperties) = preSolution
		HideSolutionNode = FALSE
	EndGlobalSection
	GlobalSection(NestedProjects) = preSolution
		{19FFF6B8-4A0C-4103-90AA-0E9B18CC8B36} = {1D33A5DA-C2E3-4188-858D-B5B68761C58A}
		{D9838D75-87AE-89BD-A8CE-A55D787A17AF} = {1D33A5DA-C2E3-4188-858D-B5B68761C58A}
		{60F2958D-8CA3-C62C-1B1D-F42A2C48B1AD} = {02EA681E-C7D8-13C7-8484-4AC65E1B71E8}
		{40982682-D9FE-61BF-106D-018A2E55471D} = {02EA681E-C7D8-13C7-8484-4AC65E1B71E8}
		{32D776AB-654B-4313-BEC8-C68826869BBC} = {02EA681E-C7D8-13C7-8484-4AC65E1B71E8}
		{235AEC7A-F178-4A97-A643-F41150239545} = {02EA681E-C7D8-13C7-8484-4AC65E1B71E8}
		{FED3E859-4F7B-4D5A-8EBA-20745FEA3D2A} = {02EA681E-C7D8-13C7-8484-4AC65E1B71E8}
		{15CF7433-45E6-9A42-0F23-B7E28457B0B5} = {83C6E013-0CCC-4C93-8AB7-9D8FBB53C5FB}
	EndGlobalSection
	GlobalSection(ExtensibilityGlobals) = postSolution
		SolutionGuid = {B030AE01-5155-4AC3-B894-EB4C0DA51F16}
	EndGlobalSection
EndGlobal
